
Microsoft Visual Studio Solution File, Format Version 12.00
# Visual Studio 2013
VisualStudioVersion = 12.0.31101.0
MinimumVisualStudioVersion = 10.0.40219.1
Project("{FAE04EC0-301F-11D3-BF4B-00C04F79EFBC}") = "BudgetToolRAR", "BudgetToolRAR\BudgetToolRAR.csproj", "{B27928CA-6998-4362-AA88-3770879CBE36}"
EndProject
Project("{2150E333-8FDC-42A3-9474-1A3956D46DE8}") = ".nuget", ".nuget", "{13AB2CB9-D5FA-4A12-88CF-E3F5F345F0A3}"
	ProjectSection(SolutionItems) = preProject
		.nuget\packages.config = .nuget\packages.config
	EndProjectSection
EndProject
Global
	GlobalSection(SolutionConfigurationPlatforms) = preSolution
		Debug|Any CPU = Debug|Any CPU
		Release|Any CPU = Release|Any CPU
	EndGlobalSection
	GlobalSection(ProjectConfigurationPlatforms) = postSolution
		{B27928CA-6998-4362-AA88-3770879CBE36}.Debug|Any CPU.ActiveCfg = Debug|Any CPU
		{B27928CA-6998-4362-AA88-3770879CBE36}.Debug|Any CPU.Build.0 = Debug|Any CPU
		{B27928CA-6998-4362-AA88-3770879CBE36}.Release|Any CPU.ActiveCfg = Release|Any CPU
		{B27928CA-6998-4362-AA88-3770879CBE36}.Release|Any CPU.Build.0 = Release|Any CPU
	EndGlobalSection
	GlobalSection(SolutionProperties) = preSolution
		HideSolutionNode = FALSE
	EndGlobalSection
EndGlobal
